
Microsoft Visual Studio Solution File, Format Version 12.00
# Visual Studio Version 17
VisualStudioVersion = 17.1.32414.318
MinimumVisualStudioVersion = 10.0.40219.1
Project("{FAE04EC0-301F-11D3-BF4B-00C04F79EFBC}") = "VakaBir", "VakaBir\VakaBir.csproj", "{78A6BB39-9427-4714-9775-ACEEB98B78AE}"
EndProject
Project("{FAE04EC0-301F-11D3-BF4B-00C04F79EFBC}") = "VakaIki", "VakaIki\VakaIki.csproj", "{DDD472C2-EEA2-423D-85C2-CDF1D893896D}"
EndProject
Global
	GlobalSection(SolutionConfigurationPlatforms) = preSolution
		Debug|Any CPU = Debug|Any CPU
		Release|Any CPU = Release|Any CPU
	EndGlobalSection
	GlobalSection(ProjectConfigurationPlatforms) = postSolution
		{78A6BB39-9427-4714-9775-ACEEB98B78AE}.Debug|Any CPU.ActiveCfg = Debug|Any CPU
		{78A6BB39-9427-4714-9775-ACEEB98B78AE}.Debug|Any CPU.Build.0 = Debug|Any CPU
		{78A6BB39-9427-4714-9775-ACEEB98B78AE}.Release|Any CPU.ActiveCfg = Release|Any CPU
		{78A6BB39-9427-4714-9775-ACEEB98B78AE}.Release|Any CPU.Build.0 = Release|Any CPU
		{DDD472C2-EEA2-423D-85C2-CDF1D893896D}.Debug|Any CPU.ActiveCfg = Debug|Any CPU
		{DDD472C2-EEA2-423D-85C2-CDF1D893896D}.Debug|Any CPU.Build.0 = Debug|Any CPU
		{DDD472C2-EEA2-423D-85C2-CDF1D893896D}.Release|Any CPU.ActiveCfg = Release|Any CPU
		{DDD472C2-EEA2-423D-85C2-CDF1D893896D}.Release|Any CPU.Build.0 = Release|Any CPU
	EndGlobalSection
	GlobalSection(SolutionProperties) = preSolution
		HideSolutionNode = FALSE
	EndGlobalSection
	GlobalSection(ExtensibilityGlobals) = postSolution
		SolutionGuid = {5B98CE9B-06B8-4815-964D-218859E33232}
	EndGlobalSection
EndGlobal
